// !$*UTF8*$!
{
	archiveVersion = 1;
	classes = {
	};
	objectVersion = 50;
	objects = {

/* Begin PBXBuildFile section */
		5167B1C423BB38A900CE4694 /* ObjCRetriableOperation.h in Headers */ = {isa = PBXBuildFile; fileRef = 5167B1C223BB38A900CE4694 /* ObjCRetriableOperation.h */; settings = {ATTRIBUTES = (Public, ); }; };
		5167B1CB23BB392100CE4694 /* ObjCRetriableOperation.m in Sources */ = {isa = PBXBuildFile; fileRef = 5167B1CA23BB392100CE4694 /* ObjCRetriableOperation.m */; };
		5167B1F323BB3AE900CE4694 /* ObjCRetriableOperation.h in Headers */ = {isa = PBXBuildFile; fileRef = 5167B1C223BB38A900CE4694 /* ObjCRetriableOperation.h */; settings = {ATTRIBUTES = (Public, ); }; };
		5167B1F423BB3AE900CE4694 /* ObjCRetriableOperation.m in Sources */ = {isa = PBXBuildFile; fileRef = 5167B1CA23BB392100CE4694 /* ObjCRetriableOperation.m */; };
		5167B1F523BB3AEA00CE4694 /* ObjCRetriableOperation.h in Headers */ = {isa = PBXBuildFile; fileRef = 5167B1C223BB38A900CE4694 /* ObjCRetriableOperation.h */; settings = {ATTRIBUTES = (Public, ); }; };
		5167B1F623BB3AEA00CE4694 /* ObjCRetriableOperation.m in Sources */ = {isa = PBXBuildFile; fileRef = 5167B1CA23BB392100CE4694 /* ObjCRetriableOperation.m */; };
		5167B1F723BB3AEA00CE4694 /* ObjCRetriableOperation.h in Headers */ = {isa = PBXBuildFile; fileRef = 5167B1C223BB38A900CE4694 /* ObjCRetriableOperation.h */; settings = {ATTRIBUTES = (Public, ); }; };
		5167B1F823BB3AEA00CE4694 /* ObjCRetriableOperation.m in Sources */ = {isa = PBXBuildFile; fileRef = 5167B1CA23BB392100CE4694 /* ObjCRetriableOperation.m */; };
/* End PBXBuildFile section */

/* Begin PBXFileReference section */
		5167B1BF23BB38A900CE4694 /* ObjCRetriableOperation.framework */ = {isa = PBXFileReference; explicitFileType = wrapper.framework; includeInIndex = 0; path = ObjCRetriableOperation.framework; sourceTree = BUILT_PRODUCTS_DIR; };
		5167B1C223BB38A900CE4694 /* ObjCRetriableOperation.h */ = {isa = PBXFileReference; lastKnownFileType = sourcecode.c.h; path = ObjCRetriableOperation.h; sourceTree = "<group>"; };
		5167B1C323BB38A900CE4694 /* Info.plist */ = {isa = PBXFileReference; lastKnownFileType = text.plist.xml; path = Info.plist; sourceTree = "<group>"; };
		5167B1CA23BB392100CE4694 /* ObjCRetriableOperation.m */ = {isa = PBXFileReference; lastKnownFileType = sourcecode.c.objc; path = ObjCRetriableOperation.m; sourceTree = "<group>"; };
		5167B1D123BB3A3500CE4694 /* ObjCRetriableOperation.framework */ = {isa = PBXFileReference; explicitFileType = wrapper.framework; includeInIndex = 0; path = ObjCRetriableOperation.framework; sourceTree = BUILT_PRODUCTS_DIR; };
		5167B1DE23BB3A8900CE4694 /* ObjCRetriableOperation.framework */ = {isa = PBXFileReference; explicitFileType = wrapper.framework; includeInIndex = 0; path = ObjCRetriableOperation.framework; sourceTree = BUILT_PRODUCTS_DIR; };
		5167B1EB23BB3ABF00CE4694 /* ObjCRetriableOperation.framework */ = {isa = PBXFileReference; explicitFileType = wrapper.framework; includeInIndex = 0; path = ObjCRetriableOperation.framework; sourceTree = BUILT_PRODUCTS_DIR; };
/* End PBXFileReference section */

/* Begin PBXFrameworksBuildPhase section */
		5167B1BC23BB38A900CE4694 /* Frameworks */ = {
			isa = PBXFrameworksBuildPhase;
			buildActionMask = 2147483647;
			files = (
			);
			runOnlyForDeploymentPostprocessing = 0;
		};
		5167B1CE23BB3A3500CE4694 /* Frameworks */ = {
			isa = PBXFrameworksBuildPhase;
			buildActionMask = 2147483647;
			files = (
			);
			runOnlyForDeploymentPostprocessing = 0;
		};
		5167B1DB23BB3A8900CE4694 /* Frameworks */ = {
			isa = PBXFrameworksBuildPhase;
			buildActionMask = 2147483647;
			files = (
			);
			runOnlyForDeploymentPostprocessing = 0;
		};
		5167B1E823BB3ABF00CE4694 /* Frameworks */ = {
			isa = PBXFrameworksBuildPhase;
			buildActionMask = 2147483647;
			files = (
			);
			runOnlyForDeploymentPostprocessing = 0;
		};
/* End PBXFrameworksBuildPhase section */

/* Begin PBXGroup section */
		5167B1B523BB38A900CE4694 = {
			isa = PBXGroup;
			children = (
				5167B1C123BB38A900CE4694 /* ObjCRetriableOperation */,
				5167B1C023BB38A900CE4694 /* Products */,
			);
			sourceTree = "<group>";
		};
		5167B1C023BB38A900CE4694 /* Products */ = {
			isa = PBXGroup;
			children = (
				5167B1BF23BB38A900CE4694 /* ObjCRetriableOperation.framework */,
				5167B1D123BB3A3500CE4694 /* ObjCRetriableOperation.framework */,
				5167B1DE23BB3A8900CE4694 /* ObjCRetriableOperation.framework */,
				5167B1EB23BB3ABF00CE4694 /* ObjCRetriableOperation.framework */,
			);
			name = Products;
			sourceTree = "<group>";
		};
		5167B1C123BB38A900CE4694 /* ObjCRetriableOperation */ = {
			isa = PBXGroup;
			children = (
				5167B1C223BB38A900CE4694 /* ObjCRetriableOperation.h */,
				5167B1CA23BB392100CE4694 /* ObjCRetriableOperation.m */,
				5167B1C323BB38A900CE4694 /* Info.plist */,
			);
			path = ObjCRetriableOperation;
			sourceTree = "<group>";
		};
/* End PBXGroup section */

/* Begin PBXHeadersBuildPhase section */
		5167B1BA23BB38A900CE4694 /* Headers */ = {
			isa = PBXHeadersBuildPhase;
			buildActionMask = 2147483647;
			files = (
				5167B1C423BB38A900CE4694 /* ObjCRetriableOperation.h in Headers */,
			);
			runOnlyForDeploymentPostprocessing = 0;
		};
		5167B1CC23BB3A3500CE4694 /* Headers */ = {
			isa = PBXHeadersBuildPhase;
			buildActionMask = 2147483647;
			files = (
				5167B1F323BB3AE900CE4694 /* ObjCRetriableOperation.h in Headers */,
			);
			runOnlyForDeploymentPostprocessing = 0;
		};
		5167B1D923BB3A8900CE4694 /* Headers */ = {
			isa = PBXHeadersBuildPhase;
			buildActionMask = 2147483647;
			files = (
				5167B1F523BB3AEA00CE4694 /* ObjCRetriableOperation.h in Headers */,
			);
			runOnlyForDeploymentPostprocessing = 0;
		};
		5167B1E623BB3ABF00CE4694 /* Headers */ = {
			isa = PBXHeadersBuildPhase;
			buildActionMask = 2147483647;
			files = (
				5167B1F723BB3AEA00CE4694 /* ObjCRetriableOperation.h in Headers */,
			);
			runOnlyForDeploymentPostprocessing = 0;
		};
/* End PBXHeadersBuildPhase section */

/* Begin PBXNativeTarget section */
		5167B1BE23BB38A900CE4694 /* ObjCRetriableOperation macOS */ = {
			isa = PBXNativeTarget;
			buildConfigurationList = 5167B1C723BB38A900CE4694 /* Build configuration list for PBXNativeTarget "ObjCRetriableOperation macOS" */;
			buildPhases = (
				5167B1BA23BB38A900CE4694 /* Headers */,
				5167B1BB23BB38A900CE4694 /* Sources */,
				5167B1BC23BB38A900CE4694 /* Frameworks */,
				5167B1BD23BB38A900CE4694 /* Resources */,
			);
			buildRules = (
			);
			dependencies = (
			);
			name = "ObjCRetriableOperation macOS";
			productName = ObjCRetriableOperation;
			productReference = 5167B1BF23BB38A900CE4694 /* ObjCRetriableOperation.framework */;
			productType = "com.apple.product-type.framework";
		};
		5167B1D023BB3A3500CE4694 /* ObjCRetriableOperation iOS */ = {
			isa = PBXNativeTarget;
			buildConfigurationList = 5167B1D623BB3A3500CE4694 /* Build configuration list for PBXNativeTarget "ObjCRetriableOperation iOS" */;
			buildPhases = (
				5167B1CC23BB3A3500CE4694 /* Headers */,
				5167B1CD23BB3A3500CE4694 /* Sources */,
				5167B1CE23BB3A3500CE4694 /* Frameworks */,
				5167B1CF23BB3A3500CE4694 /* Resources */,
			);
			buildRules = (
			);
			dependencies = (
			);
			name = "ObjCRetriableOperation iOS";
			productName = "ObjCRetriableOperation iOS";
			productReference = 5167B1D123BB3A3500CE4694 /* ObjCRetriableOperation.framework */;
			productType = "com.apple.product-type.framework";
		};
		5167B1DD23BB3A8900CE4694 /* ObjCRetriableOperation watchOS */ = {
			isa = PBXNativeTarget;
			buildConfigurationList = 5167B1E323BB3A8900CE4694 /* Build configuration list for PBXNativeTarget "ObjCRetriableOperation watchOS" */;
			buildPhases = (
				5167B1D923BB3A8900CE4694 /* Headers */,
				5167B1DA23BB3A8900CE4694 /* Sources */,
				5167B1DB23BB3A8900CE4694 /* Frameworks */,
				5167B1DC23BB3A8900CE4694 /* Resources */,
			);
			buildRules = (
			);
			dependencies = (
			);
			name = "ObjCRetriableOperation watchOS";
			productName = "ObjCRetriableOperation watchOS";
			productReference = 5167B1DE23BB3A8900CE4694 /* ObjCRetriableOperation.framework */;
			productType = "com.apple.product-type.framework";
		};
		5167B1EA23BB3ABF00CE4694 /* ObjCRetriableOperation tvOS */ = {
			isa = PBXNativeTarget;
			buildConfigurationList = 5167B1F023BB3ABF00CE4694 /* Build configuration list for PBXNativeTarget "ObjCRetriableOperation tvOS" */;
			buildPhases = (
				5167B1E623BB3ABF00CE4694 /* Headers */,
				5167B1E723BB3ABF00CE4694 /* Sources */,
				5167B1E823BB3ABF00CE4694 /* Frameworks */,
				5167B1E923BB3ABF00CE4694 /* Resources */,
			);
			buildRules = (
			);
			dependencies = (
			);
			name = "ObjCRetriableOperation tvOS";
			productName = "ObjCRetriableOperation tvOS";
			productReference = 5167B1EB23BB3ABF00CE4694 /* ObjCRetriableOperation.framework */;
			productType = "com.apple.product-type.framework";
		};
/* End PBXNativeTarget section */

/* Begin PBXProject section */
		5167B1B623BB38A900CE4694 /* Project object */ = {
			isa = PBXProject;
			attributes = {
				LastUpgradeCheck = 1130;
				ORGANIZATIONNAME = ouyanghua;
				TargetAttributes = {
					5167B1BE23BB38A900CE4694 = {
						CreatedOnToolsVersion = 11.3;
					};
					5167B1D023BB3A3500CE4694 = {
						CreatedOnToolsVersion = 11.3;
					};
					5167B1DD23BB3A8900CE4694 = {
						CreatedOnToolsVersion = 11.3;
					};
					5167B1EA23BB3ABF00CE4694 = {
						CreatedOnToolsVersion = 11.3;
					};
				};
			};
			buildConfigurationList = 5167B1B923BB38A900CE4694 /* Build configuration list for PBXProject "ObjCRetriableOperation" */;
			compatibilityVersion = "Xcode 9.3";
			developmentRegion = en;
			hasScannedForEncodings = 0;
			knownRegions = (
				en,
				Base,
			);
			mainGroup = 5167B1B523BB38A900CE4694;
			productRefGroup = 5167B1C023BB38A900CE4694 /* Products */;
			projectDirPath = "";
			projectRoot = "";
			targets = (
				5167B1BE23BB38A900CE4694 /* ObjCRetriableOperation macOS */,
				5167B1D023BB3A3500CE4694 /* ObjCRetriableOperation iOS */,
				5167B1DD23BB3A8900CE4694 /* ObjCRetriableOperation watchOS */,
				5167B1EA23BB3ABF00CE4694 /* ObjCRetriableOperation tvOS */,
			);
		};
/* End PBXProject section */

/* Begin PBXResourcesBuildPhase section */
		5167B1BD23BB38A900CE4694 /* Resources */ = {
			isa = PBXResourcesBuildPhase;
			buildActionMask = 2147483647;
			files = (
			);
			runOnlyForDeploymentPostprocessing = 0;
		};
		5167B1CF23BB3A3500CE4694 /* Resources */ = {
			isa = PBXResourcesBuildPhase;
			buildActionMask = 2147483647;
			files = (
			);
			runOnlyForDeploymentPostprocessing = 0;
		};
		5167B1DC23BB3A8900CE4694 /* Resources */ = {
			isa = PBXResourcesBuildPhase;
			buildActionMask = 2147483647;
			files = (
			);
			runOnlyForDeploymentPostprocessing = 0;
		};
		5167B1E923BB3ABF00CE4694 /* Resources */ = {
			isa = PBXResourcesBuildPhase;
			buildActionMask = 2147483647;
			files = (
			);
			runOnlyForDeploymentPostprocessing = 0;
		};
/* End PBXResourcesBuildPhase section */

/* Begin PBXSourcesBuildPhase section */
		5167B1BB23BB38A900CE4694 /* Sources */ = {
			isa = PBXSourcesBuildPhase;
			buildActionMask = 2147483647;
			files = (
				5167B1CB23BB392100CE4694 /* ObjCRetriableOperation.m in Sources */,
			);
			runOnlyForDeploymentPostprocessing = 0;
		};
		5167B1CD23BB3A3500CE4694 /* Sources */ = {
			isa = PBXSourcesBuildPhase;
			buildActionMask = 2147483647;
			files = (
				5167B1F423BB3AE900CE4694 /* ObjCRetriableOperation.m in Sources */,
			);
			runOnlyForDeploymentPostprocessing = 0;
		};
		5167B1DA23BB3A8900CE4694 /* Sources */ = {
			isa = PBXSourcesBuildPhase;
			buildActionMask = 2147483647;
			files = (
				5167B1F623BB3AEA00CE4694 /* ObjCRetriableOperation.m in Sources */,
			);
			runOnlyForDeploymentPostprocessing = 0;
		};
		5167B1E723BB3ABF00CE4694 /* Sources */ = {
			isa = PBXSourcesBuildPhase;
			buildActionMask = 2147483647;
			files = (
				5167B1F823BB3AEA00CE4694 /* ObjCRetriableOperation.m in Sources */,
			);
			runOnlyForDeploymentPostprocessing = 0;
		};
/* End PBXSourcesBuildPhase section */

/* Begin XCBuildConfiguration section */
		5167B1C523BB38A900CE4694 /* Debug */ = {
			isa = XCBuildConfiguration;
			buildSettings = {
				ALWAYS_SEARCH_USER_PATHS = NO;
				CLANG_ANALYZER_NONNULL = YES;
				CLANG_ANALYZER_NUMBER_OBJECT_CONVERSION = YES_AGGRESSIVE;
				CLANG_CXX_LANGUAGE_STANDARD = "gnu++14";
				CLANG_CXX_LIBRARY = "libc++";
				CLANG_ENABLE_MODULES = YES;
				CLANG_ENABLE_OBJC_ARC = YES;
				CLANG_ENABLE_OBJC_WEAK = YES;
				CLANG_WARN_BLOCK_CAPTURE_AUTORELEASING = YES;
				CLANG_WARN_BOOL_CONVERSION = YES;
				CLANG_WARN_COMMA = YES;
				CLANG_WARN_CONSTANT_CONVERSION = YES;
				CLANG_WARN_DEPRECATED_OBJC_IMPLEMENTATIONS = YES;
				CLANG_WARN_DIRECT_OBJC_ISA_USAGE = YES_ERROR;
				CLANG_WARN_DOCUMENTATION_COMMENTS = YES;
				CLANG_WARN_EMPTY_BODY = YES;
				CLANG_WARN_ENUM_CONVERSION = YES;
				CLANG_WARN_INFINITE_RECURSION = YES;
				CLANG_WARN_INT_CONVERSION = YES;
				CLANG_WARN_NON_LITERAL_NULL_CONVERSION = YES;
				CLANG_WARN_OBJC_IMPLICIT_RETAIN_SELF = YES;
				CLANG_WARN_OBJC_LITERAL_CONVERSION = YES;
				CLANG_WARN_OBJC_ROOT_CLASS = YES_ERROR;
				CLANG_WARN_RANGE_LOOP_ANALYSIS = YES;
				CLANG_WARN_STRICT_PROTOTYPES = YES;
				CLANG_WARN_SUSPICIOUS_MOVE = YES;
				CLANG_WARN_UNGUARDED_AVAILABILITY = YES_AGGRESSIVE;
				CLANG_WARN_UNREACHABLE_CODE = YES;
				CLANG_WARN__DUPLICATE_METHOD_MATCH = YES;
				COPY_PHASE_STRIP = NO;
				CURRENT_PROJECT_VERSION = 1;
				DEBUG_INFORMATION_FORMAT = dwarf;
				ENABLE_STRICT_OBJC_MSGSEND = YES;
				ENABLE_TESTABILITY = YES;
				GCC_C_LANGUAGE_STANDARD = gnu11;
				GCC_DYNAMIC_NO_PIC = NO;
				GCC_NO_COMMON_BLOCKS = YES;
				GCC_OPTIMIZATION_LEVEL = 0;
				GCC_PREPROCESSOR_DEFINITIONS = (
					"DEBUG=1",
					"$(inherited)",
				);
				GCC_WARN_64_TO_32_BIT_CONVERSION = YES;
				GCC_WARN_ABOUT_RETURN_TYPE = YES_ERROR;
				GCC_WARN_UNDECLARED_SELECTOR = YES;
				GCC_WARN_UNINITIALIZED_AUTOS = YES_AGGRESSIVE;
				GCC_WARN_UNUSED_FUNCTION = YES;
				GCC_WARN_UNUSED_VARIABLE = YES;
				IPHONEOS_DEPLOYMENT_TARGET = 8.0;
				MACOSX_DEPLOYMENT_TARGET = 10.9;
				MTL_ENABLE_DEBUG_INFO = INCLUDE_SOURCE;
				MTL_FAST_MATH = YES;
				ONLY_ACTIVE_ARCH = YES;
				SDKROOT = macosx;
				VERSIONING_SYSTEM = "apple-generic";
				VERSION_INFO_PREFIX = "";
			};
			name = Debug;
		};
		5167B1C623BB38A900CE4694 /* Release */ = {
			isa = XCBuildConfiguration;
			buildSettings = {
				ALWAYS_SEARCH_USER_PATHS = NO;
				CLANG_ANALYZER_NONNULL = YES;
				CLANG_ANALYZER_NUMBER_OBJECT_CONVERSION = YES_AGGRESSIVE;
				CLANG_CXX_LANGUAGE_STANDARD = "gnu++14";
				CLANG_CXX_LIBRARY = "libc++";
				CLANG_ENABLE_MODULES = YES;
				CLANG_ENABLE_OBJC_ARC = YES;
				CLANG_ENABLE_OBJC_WEAK = YES;
				CLANG_WARN_BLOCK_CAPTURE_AUTORELEASING = YES;
				CLANG_WARN_BOOL_CONVERSION = YES;
				CLANG_WARN_COMMA = YES;
				CLANG_WARN_CONSTANT_CONVERSION = YES;
				CLANG_WARN_DEPRECATED_OBJC_IMPLEMENTATIONS = YES;
				CLANG_WARN_DIRECT_OBJC_ISA_USAGE = YES_ERROR;
				CLANG_WARN_DOCUMENTATION_COMMENTS = YES;
				CLANG_WARN_EMPTY_BODY = YES;
				CLANG_WARN_ENUM_CONVERSION = YES;
				CLANG_WARN_INFINITE_RECURSION = YES;
				CLANG_WARN_INT_CONVERSION = YES;
				CLANG_WARN_NON_LITERAL_NULL_CONVERSION = YES;
				CLANG_WARN_OBJC_IMPLICIT_RETAIN_SELF = YES;
				CLANG_WARN_OBJC_LITERAL_CONVERSION = YES;
				CLANG_WARN_OBJC_ROOT_CLASS = YES_ERROR;
				CLANG_WARN_RANGE_LOOP_ANALYSIS = YES;
				CLANG_WARN_STRICT_PROTOTYPES = YES;
				CLANG_WARN_SUSPICIOUS_MOVE = YES;
				CLANG_WARN_UNGUARDED_AVAILABILITY = YES_AGGRESSIVE;
				CLANG_WARN_UNREACHABLE_CODE = YES;
				CLANG_WARN__DUPLICATE_METHOD_MATCH = YES;
				COPY_PHASE_STRIP = NO;
				CURRENT_PROJECT_VERSION = 1;
				DEBUG_INFORMATION_FORMAT = "dwarf-with-dsym";
				ENABLE_NS_ASSERTIONS = NO;
				ENABLE_STRICT_OBJC_MSGSEND = YES;
				GCC_C_LANGUAGE_STANDARD = gnu11;
				GCC_NO_COMMON_BLOCKS = YES;
				GCC_WARN_64_TO_32_BIT_CONVERSION = YES;
				GCC_WARN_ABOUT_RETURN_TYPE = YES_ERROR;
				GCC_WARN_UNDECLARED_SELECTOR = YES;
				GCC_WARN_UNINITIALIZED_AUTOS = YES_AGGRESSIVE;
				GCC_WARN_UNUSED_FUNCTION = YES;
				GCC_WARN_UNUSED_VARIABLE = YES;
				IPHONEOS_DEPLOYMENT_TARGET = 8.0;
				MACOSX_DEPLOYMENT_TARGET = 10.9;
				MTL_ENABLE_DEBUG_INFO = NO;
				MTL_FAST_MATH = YES;
				SDKROOT = macosx;
				VERSIONING_SYSTEM = "apple-generic";
				VERSION_INFO_PREFIX = "";
			};
			name = Release;
		};
		5167B1C823BB38A900CE4694 /* Debug */ = {
			isa = XCBuildConfiguration;
			buildSettings = {
				CODE_SIGN_STYLE = Manual;
				COMBINE_HIDPI_IMAGES = YES;
				DEFINES_MODULE = YES;
				DEVELOPMENT_TEAM = "";
				DYLIB_COMPATIBILITY_VERSION = 1;
				DYLIB_CURRENT_VERSION = 1;
				DYLIB_INSTALL_NAME_BASE = "@rpath";
				INFOPLIST_FILE = ObjCRetriableOperation/Info.plist;
				INSTALL_PATH = "$(LOCAL_LIBRARY_DIR)/Frameworks";
				LD_RUNPATH_SEARCH_PATHS = (
					"$(inherited)",
					"@executable_path/../Frameworks",
					"@loader_path/Frameworks",
				);
				MARKETING_VERSION = 1.0.0;
				PRODUCT_BUNDLE_IDENTIFIER = com.ouyanghua.objcretriableoperation;
				PRODUCT_NAME = ObjCRetriableOperation;
				PROVISIONING_PROFILE_SPECIFIER = "";
				SKIP_INSTALL = YES;
			};
			name = Debug;
		};
		5167B1C923BB38A900CE4694 /* Release */ = {
			isa = XCBuildConfiguration;
			buildSettings = {
				CODE_SIGN_STYLE = Manual;
				COMBINE_HIDPI_IMAGES = YES;
				DEFINES_MODULE = YES;
				DEVELOPMENT_TEAM = "";
				DYLIB_COMPATIBILITY_VERSION = 1;
				DYLIB_CURRENT_VERSION = 1;
				DYLIB_INSTALL_NAME_BASE = "@rpath";
				INFOPLIST_FILE = ObjCRetriableOperation/Info.plist;
				INSTALL_PATH = "$(LOCAL_LIBRARY_DIR)/Frameworks";
				LD_RUNPATH_SEARCH_PATHS = (
					"$(inherited)",
					"@executable_path/../Frameworks",
					"@loader_path/Frameworks",
				);
				MARKETING_VERSION = 1.0.0;
				PRODUCT_BUNDLE_IDENTIFIER = com.ouyanghua.objcretriableoperation;
				PRODUCT_NAME = ObjCRetriableOperation;
				PROVISIONING_PROFILE_SPECIFIER = "";
				SKIP_INSTALL = YES;
			};
			name = Release;
		};
		5167B1D723BB3A3500CE4694 /* Debug */ = {
			isa = XCBuildConfiguration;
			buildSettings = {
				CODE_SIGN_STYLE = Manual;
				DEFINES_MODULE = YES;
				DEVELOPMENT_TEAM = "";
				DYLIB_COMPATIBILITY_VERSION = 1;
				DYLIB_CURRENT_VERSION = 1;
				DYLIB_INSTALL_NAME_BASE = "@rpath";
				INFOPLIST_FILE = ObjCRetriableOperation/Info.plist;
				INSTALL_PATH = "$(LOCAL_LIBRARY_DIR)/Frameworks";
				IPHONEOS_DEPLOYMENT_TARGET = 8.0;
				LD_RUNPATH_SEARCH_PATHS = (
					"$(inherited)",
					"@executable_path/Frameworks",
					"@loader_path/Frameworks",
				);
				MARKETING_VERSION = 1.0.0;
				PRODUCT_BUNDLE_IDENTIFIER = com.ouyanghua.objcretriableoperation;
				PRODUCT_NAME = ObjCRetriableOperation;
				PROVISIONING_PROFILE_SPECIFIER = "";
				"PROVISIONING_PROFILE_SPECIFIER[sdk=macosx*]" = "";
				SDKROOT = iphoneos;
				SKIP_INSTALL = YES;
				TARGETED_DEVICE_FAMILY = "1,2";
			};
			name = Debug;
		};
		5167B1D823BB3A3500CE4694 /* Release */ = {
			isa = XCBuildConfiguration;
			buildSettings = {
				CODE_SIGN_STYLE = Manual;
				DEFINES_MODULE = YES;
				DEVELOPMENT_TEAM = "";
				DYLIB_COMPATIBILITY_VERSION = 1;
				DYLIB_CURRENT_VERSION = 1;
				DYLIB_INSTALL_NAME_BASE = "@rpath";
				INFOPLIST_FILE = ObjCRetriableOperation/Info.plist;
				INSTALL_PATH = "$(LOCAL_LIBRARY_DIR)/Frameworks";
				IPHONEOS_DEPLOYMENT_TARGET = 8.0;
				LD_RUNPATH_SEARCH_PATHS = (
					"$(inherited)",
					"@executable_path/Frameworks",
					"@loader_path/Frameworks",
				);
				MARKETING_VERSION = 1.0.0;
				PRODUCT_BUNDLE_IDENTIFIER = com.ouyanghua.objcretriableoperation;
				PRODUCT_NAME = ObjCRetriableOperation;
				PROVISIONING_PROFILE_SPECIFIER = "";
				"PROVISIONING_PROFILE_SPECIFIER[sdk=macosx*]" = "";
				SDKROOT = iphoneos;
				SKIP_INSTALL = YES;
				TARGETED_DEVICE_FAMILY = "1,2";
				VALIDATE_PRODUCT = YES;
			};
			name = Release;
		};
		5167B1E423BB3A8900CE4694 /* Debug */ = {
			isa = XCBuildConfiguration;
			buildSettings = {
				APPLICATION_EXTENSION_API_ONLY = YES;
				CODE_SIGN_STYLE = Manual;
				DEFINES_MODULE = YES;
				DEVELOPMENT_TEAM = "";
				DYLIB_COMPATIBILITY_VERSION = 1;
				DYLIB_CURRENT_VERSION = 1;
				DYLIB_INSTALL_NAME_BASE = "@rpath";
				INFOPLIST_FILE = ObjCRetriableOperation/Info.plist;
				INSTALL_PATH = "$(LOCAL_LIBRARY_DIR)/Frameworks";
				LD_RUNPATH_SEARCH_PATHS = (
					"$(inherited)",
					"@executable_path/Frameworks",
					"@loader_path/Frameworks",
				);
				MARKETING_VERSION = 1.0.0;
				PRODUCT_BUNDLE_IDENTIFIER = com.ouyanghua.objcretriableoperation;
				PRODUCT_NAME = ObjCRetriableOperation;
				PROVISIONING_PROFILE_SPECIFIER = "";
				SDKROOT = watchos;
				SKIP_INSTALL = YES;
				TARGETED_DEVICE_FAMILY = 4;
				WATCHOS_DEPLOYMENT_TARGET = 2.0;
			};
			name = Debug;
		};
		5167B1E523BB3A8900CE4694 /* Release */ = {
			isa = XCBuildConfiguration;
			buildSettings = {
				APPLICATION_EXTENSION_API_ONLY = YES;
				CODE_SIGN_STYLE = Manual;
				DEFINES_MODULE = YES;
				DEVELOPMENT_TEAM = "";
				DYLIB_COMPATIBILITY_VERSION = 1;
				DYLIB_CURRENT_VERSION = 1;
				DYLIB_INSTALL_NAME_BASE = "@rpath";
				INFOPLIST_FILE = ObjCRetriableOperation/Info.plist;
				INSTALL_PATH = "$(LOCAL_LIBRARY_DIR)/Frameworks";
				LD_RUNPATH_SEARCH_PATHS = (
					"$(inherited)",
					"@executable_path/Frameworks",
					"@loader_path/Frameworks",
				);
				MARKETING_VERSION = 1.0.0;
				PRODUCT_BUNDLE_IDENTIFIER = com.ouyanghua.objcretriableoperation;
				PRODUCT_NAME = ObjCRetriableOperation;
				PROVISIONING_PROFILE_SPECIFIER = "";
				SDKROOT = watchos;
				SKIP_INSTALL = YES;
				TARGETED_DEVICE_FAMILY = 4;
				VALIDATE_PRODUCT = YES;
				WATCHOS_DEPLOYMENT_TARGET = 2.0;
			};
			name = Release;
		};
		5167B1F123BB3ABF00CE4694 /* Debug */ = {
			isa = XCBuildConfiguration;
			buildSettings = {
				CODE_SIGN_STYLE = Manual;
				DEFINES_MODULE = YES;
				DEVELOPMENT_TEAM = "";
				DYLIB_COMPATIBILITY_VERSION = 1;
				DYLIB_CURRENT_VERSION = 1;
				DYLIB_INSTALL_NAME_BASE = "@rpath";
				INFOPLIST_FILE = ObjCRetriableOperation/Info.plist;
				INSTALL_PATH = "$(LOCAL_LIBRARY_DIR)/Frameworks";
				LD_RUNPATH_SEARCH_PATHS = (
					"$(inherited)",
					"@executable_path/Frameworks",
					"@loader_path/Frameworks",
				);
				MARKETING_VERSION = 1.0.0;
				PRODUCT_BUNDLE_IDENTIFIER = com.ouyanghua.objcretriableoperation;
				PRODUCT_NAME = ObjCRetriableOperation;
				PROVISIONING_PROFILE_SPECIFIER = "";
				SDKROOT = appletvos;
				SKIP_INSTALL = YES;
				TARGETED_DEVICE_FAMILY = 3;
				TVOS_DEPLOYMENT_TARGET = 9.0;
			};
			name = Debug;
		};
		5167B1F223BB3ABF00CE4694 /* Release */ = {
			isa = XCBuildConfiguration;
			buildSettings = {
				CODE_SIGN_STYLE = Manual;
				DEFINES_MODULE = YES;
				DEVELOPMENT_TEAM = "";
				DYLIB_COMPATIBILITY_VERSION = 1;
				DYLIB_CURRENT_VERSION = 1;
				DYLIB_INSTALL_NAME_BASE = "@rpath";
				INFOPLIST_FILE = ObjCRetriableOperation/Info.plist;
				INSTALL_PATH = "$(LOCAL_LIBRARY_DIR)/Frameworks";
				LD_RUNPATH_SEARCH_PATHS = (
					"$(inherited)",
					"@executable_path/Frameworks",
					"@loader_path/Frameworks",
				);
				MARKETING_VERSION = 1.0.0;
				PRODUCT_BUNDLE_IDENTIFIER = com.ouyanghua.objcretriableoperation;
				PRODUCT_NAME = ObjCRetriableOperation;
				PROVISIONING_PROFILE_SPECIFIER = "";
				SDKROOT = appletvos;
				SKIP_INSTALL = YES;
				TARGETED_DEVICE_FAMILY = 3;
				TVOS_DEPLOYMENT_TARGET = 9.0;
				VALIDATE_PRODUCT = YES;
			};
			name = Release;
		};
/* End XCBuildConfiguration section */

/* Begin XCConfigurationList section */
		5167B1B923BB38A900CE4694 /* Build configuration list for PBXProject "ObjCRetriableOperation" */ = {
			isa = XCConfigurationList;
			buildConfigurations = (
				5167B1C523BB38A900CE4694 /* Debug */,
				5167B1C623BB38A900CE4694 /* Release */,
			);
			defaultConfigurationIsVisible = 0;
			defaultConfigurationName = Release;
		};
		5167B1C723BB38A900CE4694 /* Build configuration list for PBXNativeTarget "ObjCRetriableOperation macOS" */ = {
			isa = XCConfigurationList;
			buildConfigurations = (
				5167B1C823BB38A900CE4694 /* Debug */,
				5167B1C923BB38A900CE4694 /* Release */,
			);
			defaultConfigurationIsVisible = 0;
			defaultConfigurationName = Release;
		};
		5167B1D623BB3A3500CE4694 /* Build configuration list for PBXNativeTarget "ObjCRetriableOperation iOS" */ = {
			isa = XCConfigurationList;
			buildConfigurations = (
				5167B1D723BB3A3500CE4694 /* Debug */,
				5167B1D823BB3A3500CE4694 /* Release */,
			);
			defaultConfigurationIsVisible = 0;
			defaultConfigurationName = Release;
		};
		5167B1E323BB3A8900CE4694 /* Build configuration list for PBXNativeTarget "ObjCRetriableOperation watchOS" */ = {
			isa = XCConfigurationList;
			buildConfigurations = (
				5167B1E423BB3A8900CE4694 /* Debug */,
				5167B1E523BB3A8900CE4694 /* Release */,
			);
			defaultConfigurationIsVisible = 0;
			defaultConfigurationName = Release;
		};
		5167B1F023BB3ABF00CE4694 /* Build configuration list for PBXNativeTarget "ObjCRetriableOperation tvOS" */ = {
			isa = XCConfigurationList;
			buildConfigurations = (
				5167B1F123BB3ABF00CE4694 /* Debug */,
				5167B1F223BB3ABF00CE4694 /* Release */,
			);
			defaultConfigurationIsVisible = 0;
			defaultConfigurationName = Release;
		};
/* End XCConfigurationList section */
	};
	rootObject = 5167B1B623BB38A900CE4694 /* Project object */;
}
